// !$*UTF8*$!
{
	archiveVersion = 1;
	classes = {
	};
	objectVersion = 46;
	objects = {

/* Begin PBXBuildFile section */
		1D3623260D0F684500981E51 /* delicious_memoryAppDelegate.m in Sources */ = {isa = PBXBuildFile; fileRef = 1D3623250D0F684500981E51 /* delicious_memoryAppDelegate.m */; };
		1D60589B0D05DD56006BFB54 /* main.m in Sources */ = {isa = PBXBuildFile; fileRef = 29B97316FDCFA39411CA2CEA /* main.m */; };
		1D60589F0D05DD5A006BFB54 /* Foundation.framework in Frameworks */ = {isa = PBXBuildFile; fileRef = 1D30AB110D05D00D00671497 /* Foundation.framework */; };
		1DF5F4E00D08C38300B7A737 /* UIKit.framework in Frameworks */ = {isa = PBXBuildFile; fileRef = 1DF5F4DF0D08C38300B7A737 /* UIKit.framework */; };
		28216C970DB411BC00E5133A /* FirstViewController.m in Sources */ = {isa = PBXBuildFile; fileRef = 28216C960DB411BC00E5133A /* FirstViewController.m */; };
		288765080DF74369002DB57D /* CoreGraphics.framework in Frameworks */ = {isa = PBXBuildFile; fileRef = 288765070DF74369002DB57D /* CoreGraphics.framework */; };
		28AD73880D9D96C1002E5188 /* MainWindow.xib in Resources */ = {isa = PBXBuildFile; fileRef = 28AD73870D9D96C1002E5188 /* MainWindow.xib */; };
		6005B53E13D9727F00324D9B /* capture-button.png in Resources */ = {isa = PBXBuildFile; fileRef = 6005B53D13D9727F00324D9B /* capture-button.png */; };
		6005B54813D9730E00324D9B /* addNewPlaceFromMap.m in Sources */ = {isa = PBXBuildFile; fileRef = 6005B54213D9730E00324D9B /* addNewPlaceFromMap.m */; };
		6005B54913D9730E00324D9B /* addNewPlaceFromMap.xib in Resources */ = {isa = PBXBuildFile; fileRef = 6005B54313D9730E00324D9B /* addNewPlaceFromMap.xib */; };
		6005B54A13D9730E00324D9B /* AppAnnotation.m in Sources */ = {isa = PBXBuildFile; fileRef = 6005B54513D9730E00324D9B /* AppAnnotation.m */; };
		6005B54B13D9730E00324D9B /* SecondViewController.m in Sources */ = {isa = PBXBuildFile; fileRef = 6005B54713D9730E00324D9B /* SecondViewController.m */; };
		6005B54F13D9737500324D9B /* SecondView.xib in Resources */ = {isa = PBXBuildFile; fileRef = 6005B54E13D9737500324D9B /* SecondView.xib */; };
		6005B57213D9752200324D9B /* CoreLocation.framework in Frameworks */ = {isa = PBXBuildFile; fileRef = 6005B57113D9752200324D9B /* CoreLocation.framework */; };
		6005B57613D9752D00324D9B /* MapKit.framework in Frameworks */ = {isa = PBXBuildFile; fileRef = 6005B57513D9752D00324D9B /* MapKit.framework */; };
		60961CBE13F014F5001C4F5F /* libsqlite3.dylib in Frameworks */ = {isa = PBXBuildFile; fileRef = 60961CBD13F014F5001C4F5F /* libsqlite3.dylib */; };
		B307C01213CC2F9F0024E684 /* addDataViewController.m in Sources */ = {isa = PBXBuildFile; fileRef = B307C01113CC2F9F0024E684 /* addDataViewController.m */; };
		B3BBCB2D13D55D7E00A5D120 /* MyMenuTableViewController.m in Sources */ = {isa = PBXBuildFile; fileRef = B3BBCB2C13D55D7E00A5D120 /* MyMenuTableViewController.m */; };
		B3CCC9FB13D8205E0081BD95 /* MobileCoreServices.framework in Frameworks */ = {isa = PBXBuildFile; fileRef = B3CCC9FA13D8205E0081BD95 /* MobileCoreServices.framework */; };
/* End PBXBuildFile section */

/* Begin PBXFileReference section */
		1D30AB110D05D00D00671497 /* Foundation.framework */ = {isa = PBXFileReference; lastKnownFileType = wrapper.framework; name = Foundation.framework; path = System/Library/Frameworks/Foundation.framework; sourceTree = SDKROOT; };
		1D3623240D0F684500981E51 /* delicious_memoryAppDelegate.h */ = {isa = PBXFileReference; fileEncoding = 4; lastKnownFileType = sourcecode.c.h; path = delicious_memoryAppDelegate.h; sourceTree = "<group>"; };
		1D3623250D0F684500981E51 /* delicious_memoryAppDelegate.m */ = {isa = PBXFileReference; fileEncoding = 4; lastKnownFileType = sourcecode.c.objc; path = delicious_memoryAppDelegate.m; sourceTree = "<group>"; };
		1D6058910D05DD3D006BFB54 /* delicious memory.app */ = {isa = PBXFileReference; explicitFileType = wrapper.application; includeInIndex = 0; path = "delicious memory.app"; sourceTree = BUILT_PRODUCTS_DIR; };
		1DF5F4DF0D08C38300B7A737 /* UIKit.framework */ = {isa = PBXFileReference; lastKnownFileType = wrapper.framework; name = UIKit.framework; path = System/Library/Frameworks/UIKit.framework; sourceTree = SDKROOT; };
		28216C950DB411BC00E5133A /* FirstViewController.h */ = {isa = PBXFileReference; fileEncoding = 4; lastKnownFileType = sourcecode.c.h; path = FirstViewController.h; sourceTree = "<group>"; };
		28216C960DB411BC00E5133A /* FirstViewController.m */ = {isa = PBXFileReference; fileEncoding = 4; lastKnownFileType = sourcecode.c.objc; path = FirstViewController.m; sourceTree = "<group>"; };
		288765070DF74369002DB57D /* CoreGraphics.framework */ = {isa = PBXFileReference; lastKnownFileType = wrapper.framework; name = CoreGraphics.framework; path = System/Library/Frameworks/CoreGraphics.framework; sourceTree = SDKROOT; };
		28A0AB4B0D9B1048005BE974 /* delicious_memory_Prefix.pch */ = {isa = PBXFileReference; fileEncoding = 4; lastKnownFileType = sourcecode.c.h; path = delicious_memory_Prefix.pch; sourceTree = "<group>"; };
		28AD73870D9D96C1002E5188 /* MainWindow.xib */ = {isa = PBXFileReference; lastKnownFileType = file.xib; path = MainWindow.xib; sourceTree = "<group>"; };
		29B97316FDCFA39411CA2CEA /* main.m */ = {isa = PBXFileReference; fileEncoding = 4; lastKnownFileType = sourcecode.c.objc; path = main.m; sourceTree = "<group>"; };
		6005B53D13D9727F00324D9B /* capture-button.png */ = {isa = PBXFileReference; lastKnownFileType = image.png; path = "capture-button.png"; sourceTree = "<group>"; };
		6005B54113D9730E00324D9B /* addNewPlaceFromMap.h */ = {isa = PBXFileReference; fileEncoding = 4; lastKnownFileType = sourcecode.c.h; path = addNewPlaceFromMap.h; sourceTree = "<group>"; };
		6005B54213D9730E00324D9B /* addNewPlaceFromMap.m */ = {isa = PBXFileReference; fileEncoding = 4; lastKnownFileType = sourcecode.c.objc; path = addNewPlaceFromMap.m; sourceTree = "<group>"; };
		6005B54313D9730E00324D9B /* addNewPlaceFromMap.xib */ = {isa = PBXFileReference; lastKnownFileType = file.xib; path = addNewPlaceFromMap.xib; sourceTree = "<group>"; };
		6005B54413D9730E00324D9B /* AppAnnotation.h */ = {isa = PBXFileReference; fileEncoding = 4; lastKnownFileType = sourcecode.c.h; path = AppAnnotation.h; sourceTree = "<group>"; };
		6005B54513D9730E00324D9B /* AppAnnotation.m */ = {isa = PBXFileReference; fileEncoding = 4; lastKnownFileType = sourcecode.c.objc; path = AppAnnotation.m; sourceTree = "<group>"; };
		6005B54613D9730E00324D9B /* SecondViewController.h */ = {isa = PBXFileReference; fileEncoding = 4; lastKnownFileType = sourcecode.c.h; path = SecondViewController.h; sourceTree = "<group>"; };
		6005B54713D9730E00324D9B /* SecondViewController.m */ = {isa = PBXFileReference; fileEncoding = 4; lastKnownFileType = sourcecode.c.objc; path = SecondViewController.m; sourceTree = "<group>"; };
		6005B54E13D9737500324D9B /* SecondView.xib */ = {isa = PBXFileReference; lastKnownFileType = file.xib; path = SecondView.xib; sourceTree = "<group>"; };
		6005B57113D9752200324D9B /* CoreLocation.framework */ = {isa = PBXFileReference; lastKnownFileType = wrapper.framework; name = CoreLocation.framework; path = System/Library/Frameworks/CoreLocation.framework; sourceTree = SDKROOT; };
		6005B57513D9752D00324D9B /* MapKit.framework */ = {isa = PBXFileReference; lastKnownFileType = wrapper.framework; name = MapKit.framework; path = System/Library/Frameworks/MapKit.framework; sourceTree = SDKROOT; };
		60961CBD13F014F5001C4F5F /* libsqlite3.dylib */ = {isa = PBXFileReference; lastKnownFileType = "compiled.mach-o.dylib"; name = libsqlite3.dylib; path = usr/lib/libsqlite3.dylib; sourceTree = SDKROOT; };
		8D1107310486CEB800E47090 /* delicious_memory-Info.plist */ = {isa = PBXFileReference; fileEncoding = 4; lastKnownFileType = text.plist.xml; path = "delicious_memory-Info.plist"; plistStructureDefinitionIdentifier = "com.apple.xcode.plist.structure-definition.iphone.info-plist"; sourceTree = "<group>"; };
		B307C01013CC2F9F0024E684 /* addDataViewController.h */ = {isa = PBXFileReference; fileEncoding = 4; lastKnownFileType = sourcecode.c.h; path = addDataViewController.h; sourceTree = "<group>"; };
		B307C01113CC2F9F0024E684 /* addDataViewController.m */ = {isa = PBXFileReference; fileEncoding = 4; lastKnownFileType = sourcecode.c.objc; path = addDataViewController.m; sourceTree = "<group>"; };
		B3BBCB2B13D55D7E00A5D120 /* MyMenuTableViewController.h */ = {isa = PBXFileReference; fileEncoding = 4; lastKnownFileType = sourcecode.c.h; path = MyMenuTableViewController.h; sourceTree = "<group>"; };
		B3BBCB2C13D55D7E00A5D120 /* MyMenuTableViewController.m */ = {isa = PBXFileReference; fileEncoding = 4; lastKnownFileType = sourcecode.c.objc; path = MyMenuTableViewController.m; sourceTree = "<group>"; };
		B3CCC9FA13D8205E0081BD95 /* MobileCoreServices.framework */ = {isa = PBXFileReference; lastKnownFileType = wrapper.framework; name = MobileCoreServices.framework; path = System/Library/Frameworks/MobileCoreServices.framework; sourceTree = SDKROOT; };
/* End PBXFileReference section */

/* Begin PBXFrameworksBuildPhase section */
		1D60588F0D05DD3D006BFB54 /* Frameworks */ = {
			isa = PBXFrameworksBuildPhase;
			buildActionMask = 2147483647;
			files = (
				B3CCC9FB13D8205E0081BD95 /* MobileCoreServices.framework in Frameworks */,
				1D60589F0D05DD5A006BFB54 /* Foundation.framework in Frameworks */,
				1DF5F4E00D08C38300B7A737 /* UIKit.framework in Frameworks */,
				288765080DF74369002DB57D /* CoreGraphics.framework in Frameworks */,
				6005B57213D9752200324D9B /* CoreLocation.framework in Frameworks */,
				6005B57613D9752D00324D9B /* MapKit.framework in Frameworks */,
				60961CBE13F014F5001C4F5F /* libsqlite3.dylib in Frameworks */,
			);
			runOnlyForDeploymentPostprocessing = 0;
		};
/* End PBXFrameworksBuildPhase section */

/* Begin PBXGroup section */
		080E96DDFE201D6D7F000001 /* Classes */ = {
			isa = PBXGroup;
			children = (
				6005B54113D9730E00324D9B /* addNewPlaceFromMap.h */,
				6005B54213D9730E00324D9B /* addNewPlaceFromMap.m */,
				6005B54313D9730E00324D9B /* addNewPlaceFromMap.xib */,
				6005B54413D9730E00324D9B /* AppAnnotation.h */,
				6005B54513D9730E00324D9B /* AppAnnotation.m */,
				6005B54613D9730E00324D9B /* SecondViewController.h */,
				6005B54713D9730E00324D9B /* SecondViewController.m */,
				28216C950DB411BC00E5133A /* FirstViewController.h */,
				28216C960DB411BC00E5133A /* FirstViewController.m */,
				1D3623240D0F684500981E51 /* delicious_memoryAppDelegate.h */,
				1D3623250D0F684500981E51 /* delicious_memoryAppDelegate.m */,
				B307C01013CC2F9F0024E684 /* addDataViewController.h */,
				B307C01113CC2F9F0024E684 /* addDataViewController.m */,
				B3BBCB2B13D55D7E00A5D120 /* MyMenuTableViewController.h */,
				B3BBCB2C13D55D7E00A5D120 /* MyMenuTableViewController.m */,
			);
			path = Classes;
			sourceTree = "<group>";
		};
		19C28FACFE9D520D11CA2CBB /* Products */ = {
			isa = PBXGroup;
			children = (
				1D6058910D05DD3D006BFB54 /* delicious memory.app */,
			);
			name = Products;
			sourceTree = "<group>";
		};
		29B97314FDCFA39411CA2CEA /* delicious memory */ = {
			isa = PBXGroup;
			children = (
				080E96DDFE201D6D7F000001 /* Classes */,
				29B97315FDCFA39411CA2CEA /* Other Sources */,
				29B97317FDCFA39411CA2CEA /* Resources */,
				29B97323FDCFA39411CA2CEA /* Frameworks */,
				19C28FACFE9D520D11CA2CBB /* Products */,
			);
			name = "delicious memory";
			sourceTree = "<group>";
		};
		29B97315FDCFA39411CA2CEA /* Other Sources */ = {
			isa = PBXGroup;
			children = (
				28A0AB4B0D9B1048005BE974 /* delicious_memory_Prefix.pch */,
				29B97316FDCFA39411CA2CEA /* main.m */,
			);
			name = "Other Sources";
			sourceTree = "<group>";
		};
		29B97317FDCFA39411CA2CEA /* Resources */ = {
			isa = PBXGroup;
			children = (
				B3CF9F5213CD7ED200DA8B62 /* images */,
				28AD73870D9D96C1002E5188 /* MainWindow.xib */,
				6005B54E13D9737500324D9B /* SecondView.xib */,
				8D1107310486CEB800E47090 /* delicious_memory-Info.plist */,
			);
			name = Resources;
			sourceTree = "<group>";
		};
		29B97323FDCFA39411CA2CEA /* Frameworks */ = {
			isa = PBXGroup;
			children = (
				B3CCC9FA13D8205E0081BD95 /* MobileCoreServices.framework */,
				1DF5F4DF0D08C38300B7A737 /* UIKit.framework */,
				1D30AB110D05D00D00671497 /* Foundation.framework */,
				288765070DF74369002DB57D /* CoreGraphics.framework */,
				6005B57113D9752200324D9B /* CoreLocation.framework */,
				6005B57513D9752D00324D9B /* MapKit.framework */,
				60961CBD13F014F5001C4F5F /* libsqlite3.dylib */,
			);
			name = Frameworks;
			sourceTree = "<group>";
		};
		B3CF9F5213CD7ED200DA8B62 /* images */ = {
			isa = PBXGroup;
			children = (
				6005B53D13D9727F00324D9B /* capture-button.png */,
			);
			name = images;
			sourceTree = "<group>";
		};
/* End PBXGroup section */

/* Begin PBXNativeTarget section */
		1D6058900D05DD3D006BFB54 /* delicious memory */ = {
			isa = PBXNativeTarget;
			buildConfigurationList = 1D6058960D05DD3E006BFB54 /* Build configuration list for PBXNativeTarget "delicious memory" */;
			buildPhases = (
				1D60588D0D05DD3D006BFB54 /* Resources */,
				1D60588E0D05DD3D006BFB54 /* Sources */,
				1D60588F0D05DD3D006BFB54 /* Frameworks */,
			);
			buildRules = (
			);
			dependencies = (
			);
			name = "delicious memory";
			productName = "delicious memory";
			productReference = 1D6058910D05DD3D006BFB54 /* delicious memory.app */;
			productType = "com.apple.product-type.application";
		};
/* End PBXNativeTarget section */

/* Begin PBXProject section */
		29B97313FDCFA39411CA2CEA /* Project object */ = {
			isa = PBXProject;
			buildConfigurationList = C01FCF4E08A954540054247B /* Build configuration list for PBXProject "delicious memory" */;
			compatibilityVersion = "Xcode 3.2";
			developmentRegion = English;
			hasScannedForEncodings = 1;
			knownRegions = (
				English,
				Japanese,
				French,
				German,
			);
			mainGroup = 29B97314FDCFA39411CA2CEA /* delicious memory */;
			projectDirPath = "";
			projectRoot = "";
			targets = (
				1D6058900D05DD3D006BFB54 /* delicious memory */,
			);
		};
/* End PBXProject section */

/* Begin PBXResourcesBuildPhase section */
		1D60588D0D05DD3D006BFB54 /* Resources */ = {
			isa = PBXResourcesBuildPhase;
			buildActionMask = 2147483647;
			files = (
				28AD73880D9D96C1002E5188 /* MainWindow.xib in Resources */,
				6005B53E13D9727F00324D9B /* capture-button.png in Resources */,
				6005B54913D9730E00324D9B /* addNewPlaceFromMap.xib in Resources */,
				6005B54F13D9737500324D9B /* SecondView.xib in Resources */,
			);
			runOnlyForDeploymentPostprocessing = 0;
		};
/* End PBXResourcesBuildPhase section */

/* Begin PBXSourcesBuildPhase section */
		1D60588E0D05DD3D006BFB54 /* Sources */ = {
			isa = PBXSourcesBuildPhase;
			buildActionMask = 2147483647;
			files = (
				1D60589B0D05DD56006BFB54 /* main.m in Sources */,
				1D3623260D0F684500981E51 /* delicious_memoryAppDelegate.m in Sources */,
				28216C970DB411BC00E5133A /* FirstViewController.m in Sources */,
				B307C01213CC2F9F0024E684 /* addDataViewController.m in Sources */,
				B3BBCB2D13D55D7E00A5D120 /* MyMenuTableViewController.m in Sources */,
				6005B54813D9730E00324D9B /* addNewPlaceFromMap.m in Sources */,
				6005B54A13D9730E00324D9B /* AppAnnotation.m in Sources */,
				6005B54B13D9730E00324D9B /* SecondViewController.m in Sources */,
			);
			runOnlyForDeploymentPostprocessing = 0;
		};
/* End PBXSourcesBuildPhase section */

/* Begin XCBuildConfiguration section */
		1D6058940D05DD3E006BFB54 /* Debug */ = {
			isa = XCBuildConfiguration;
			buildSettings = {
				ALWAYS_SEARCH_USER_PATHS = NO;
				COPY_PHASE_STRIP = NO;
				GCC_DYNAMIC_NO_PIC = NO;
				GCC_OPTIMIZATION_LEVEL = 0;
				GCC_PRECOMPILE_PREFIX_HEADER = YES;
				GCC_PREFIX_HEADER = delicious_memory_Prefix.pch;
				INFOPLIST_FILE = "delicious_memory-Info.plist";
				PRODUCT_NAME = "delicious memory";
			};
			name = Debug;
		};
		1D6058950D05DD3E006BFB54 /* Release */ = {
			isa = XCBuildConfiguration;
			buildSettings = {
				ALWAYS_SEARCH_USER_PATHS = NO;
				COPY_PHASE_STRIP = YES;
				GCC_PRECOMPILE_PREFIX_HEADER = YES;
				GCC_PREFIX_HEADER = delicious_memory_Prefix.pch;
				INFOPLIST_FILE = "delicious_memory-Info.plist";
				PRODUCT_NAME = "delicious memory";
				VALIDATE_PRODUCT = YES;
			};
			name = Release;
		};
		C01FCF4F08A954540054247B /* Debug */ = {
			isa = XCBuildConfiguration;
			buildSettings = {
				ARCHS = "$(ARCHS_STANDARD_32_BIT)";
				"CODE_SIGN_IDENTITY[sdk=iphoneos*]" = "iPhone Developer";
				GCC_C_LANGUAGE_STANDARD = c99;
				GCC_WARN_ABOUT_RETURN_TYPE = YES;
				GCC_WARN_UNUSED_VARIABLE = YES;
				PREBINDING = NO;
				SDKROOT = iphoneos;
			};
			name = Debug;
		};
		C01FCF5008A954540054247B /* Release */ = {
			isa = XCBuildConfiguration;
			buildSettings = {
				ARCHS = "$(ARCHS_STANDARD_32_BIT)";
				"CODE_SIGN_IDENTITY[sdk=iphoneos*]" = "iPhone Developer";
				GCC_C_LANGUAGE_STANDARD = c99;
				GCC_WARN_ABOUT_RETURN_TYPE = YES;
				GCC_WARN_UNUSED_VARIABLE = YES;
				OTHER_CFLAGS = "-DNS_BLOCK_ASSERTIONS=1";
				PREBINDING = NO;
				SDKROOT = iphoneos;
			};
			name = Release;
		};
/* End XCBuildConfiguration section */

/* Begin XCConfigurationList section */
		1D6058960D05DD3E006BFB54 /* Build configuration list for PBXNativeTarget "delicious memory" */ = {
			isa = XCConfigurationList;
			buildConfigurations = (
				1D6058940D05DD3E006BFB54 /* Debug */,
				1D6058950D05DD3E006BFB54 /* Release */,
			);
			defaultConfigurationIsVisible = 0;
			defaultConfigurationName = Release;
		};
		C01FCF4E08A954540054247B /* Build configuration list for PBXProject "delicious memory" */ = {
			isa = XCConfigurationList;
			buildConfigurations = (
				C01FCF4F08A954540054247B /* Debug */,
				C01FCF5008A954540054247B /* Release */,
			);
			defaultConfigurationIsVisible = 0;
			defaultConfigurationName = Release;
		};
/* End XCConfigurationList section */
	};
	rootObject = 29B97313FDCFA39411CA2CEA /* Project object */;
}
